
Microsoft Visual Studio Solution File, Format Version 12.00
# Visual Studio Version 17
VisualStudioVersion = 17.4.33213.308
MinimumVisualStudioVersion = 10.0.40219.1
Project("{FAE04EC0-301F-11D3-BF4B-00C04F79EFBC}") = "Formulator", "Formulator\Formulator.csproj", "{6F3DC473-5EC6-458F-BAE7-8A1AA522A6A9}"
EndProject
Global
	GlobalSection(SolutionConfigurationPlatforms) = preSolution
		Debug|Any CPU = Debug|Any CPU
		Release|Any CPU = Release|Any CPU
	EndGlobalSection
	GlobalSection(ProjectConfigurationPlatforms) = postSolution
		{6F3DC473-5EC6-458F-BAE7-8A1AA522A6A9}.Debug|Any CPU.ActiveCfg = Debug|Any CPU
		{6F3DC473-5EC6-458F-BAE7-8A1AA522A6A9}.Debug|Any CPU.Build.0 = Debug|Any CPU
		{6F3DC473-5EC6-458F-BAE7-8A1AA522A6A9}.Release|Any CPU.ActiveCfg = Release|Any CPU
		{6F3DC473-5EC6-458F-BAE7-8A1AA522A6A9}.Release|Any CPU.Build.0 = Release|Any CPU
	EndGlobalSection
	GlobalSection(SolutionProperties) = preSolution
		HideSolutionNode = FALSE
	EndGlobalSection
	GlobalSection(ExtensibilityGlobals) = postSolution
		SolutionGuid = {D97D53F8-0170-4E79-A7FB-B534F7C7746C}
	EndGlobalSection
EndGlobal
